
Microsoft Visual Studio Solution File, Format Version 12.00
# Visual Studio Version 17
VisualStudioVersion = 17.4.33110.190
MinimumVisualStudioVersion = 10.0.40219.1
Project("{9A19103F-16F7-4668-BE54-9A1E7A4F7556}") = "Server", "SocketAndRabbitTest\Server.csproj", "{A9035302-8F06-47FC-94E1-7C36D73CD362}"
EndProject
Project("{9A19103F-16F7-4668-BE54-9A1E7A4F7556}") = "Client-PNG", "Client-PNG\Client-PNG.csproj", "{CE906877-C40C-47BF-8A28-54771A3F864C}"
EndProject
Project("{9A19103F-16F7-4668-BE54-9A1E7A4F7556}") = "Client-LGN", "Client-LGN\Client-LGN.csproj", "{A2792DF8-CE07-45A2-A35F-DD70D6502D4A}"
EndProject
Project("{9A19103F-16F7-4668-BE54-9A1E7A4F7556}") = "RabbitMqConsumerService", "RabbitMqConsumerService\RabbitMqConsumerService.csproj", "{48BC3CC0-5F2F-4324-9DC2-853087DA3222}"
EndProject
Project("{2150E333-8FDC-42A3-9474-1A3956D46DE8}") = "Orleans", "Orleans", "{AFF3F74A-0D1A-4EE0-B463-CD931A4C5340}"
EndProject
Project("{9A19103F-16F7-4668-BE54-9A1E7A4F7556}") = "GrainInterfaces", "Orleans\GrainInterfaces\GrainInterfaces.csproj", "{F40ED976-6660-40A0-8E53-EE09D540F7F8}"
EndProject
Project("{9A19103F-16F7-4668-BE54-9A1E7A4F7556}") = "Grains", "Orleans\Grains\Grains.csproj", "{1A8D917D-0CE6-4BB5-8CEA-9310E8A71008}"
EndProject
Project("{9A19103F-16F7-4668-BE54-9A1E7A4F7556}") = "Silo", "Orleans\Silo\Silo.csproj", "{FA5C4E55-93FB-41CA-8CFC-E7B52A2ED235}"
EndProject
Project("{9A19103F-16F7-4668-BE54-9A1E7A4F7556}") = "OrleansClientNet7", "OrleansClient-Net7.0\OrleansClientNet7.csproj", "{FE773A90-D43D-4A2B-BE18-1CCFE0BEE8C9}"
EndProject
Project("{2150E333-8FDC-42A3-9474-1A3956D46DE8}") = "Orleans-7.0", "Orleans-7.0", "{D46F6D70-BBB2-4FD0-8784-42165EEAE139}"
EndProject
Project("{9A19103F-16F7-4668-BE54-9A1E7A4F7556}") = "Silo-Net7", "Silo-Net7.0\Silo-Net7.csproj", "{3BEDDD55-B982-4D9E-A1B0-C8D428FB9E9A}"
EndProject
Project("{9A19103F-16F7-4668-BE54-9A1E7A4F7556}") = "GrainInterfacesNet7", "GrainInterfaces\GrainInterfacesNet7.csproj", "{4B82A11D-1743-492B-A3BB-C7CBB34CDBCC}"
EndProject
Project("{9A19103F-16F7-4668-BE54-9A1E7A4F7556}") = "GrainsNet7", "Grain.Net7\GrainsNet7.csproj", "{F04345FF-E8E0-4F52-8A03-02D55BDA9A98}"
EndProject
Global
	GlobalSection(SolutionConfigurationPlatforms) = preSolution
		Debug|Any CPU = Debug|Any CPU
		Release|Any CPU = Release|Any CPU
	EndGlobalSection
	GlobalSection(ProjectConfigurationPlatforms) = postSolution
		{A9035302-8F06-47FC-94E1-7C36D73CD362}.Debug|Any CPU.ActiveCfg = Debug|Any CPU
		{A9035302-8F06-47FC-94E1-7C36D73CD362}.Debug|Any CPU.Build.0 = Debug|Any CPU
		{A9035302-8F06-47FC-94E1-7C36D73CD362}.Release|Any CPU.ActiveCfg = Release|Any CPU
		{A9035302-8F06-47FC-94E1-7C36D73CD362}.Release|Any CPU.Build.0 = Release|Any CPU
		{CE906877-C40C-47BF-8A28-54771A3F864C}.Debug|Any CPU.ActiveCfg = Debug|Any CPU
		{CE906877-C40C-47BF-8A28-54771A3F864C}.Debug|Any CPU.Build.0 = Debug|Any CPU
		{CE906877-C40C-47BF-8A28-54771A3F864C}.Release|Any CPU.ActiveCfg = Release|Any CPU
		{CE906877-C40C-47BF-8A28-54771A3F864C}.Release|Any CPU.Build.0 = Release|Any CPU
		{A2792DF8-CE07-45A2-A35F-DD70D6502D4A}.Debug|Any CPU.ActiveCfg = Debug|Any CPU
		{A2792DF8-CE07-45A2-A35F-DD70D6502D4A}.Debug|Any CPU.Build.0 = Debug|Any CPU
		{A2792DF8-CE07-45A2-A35F-DD70D6502D4A}.Release|Any CPU.ActiveCfg = Release|Any CPU
		{A2792DF8-CE07-45A2-A35F-DD70D6502D4A}.Release|Any CPU.Build.0 = Release|Any CPU
		{48BC3CC0-5F2F-4324-9DC2-853087DA3222}.Debug|Any CPU.ActiveCfg = Debug|Any CPU
		{48BC3CC0-5F2F-4324-9DC2-853087DA3222}.Debug|Any CPU.Build.0 = Debug|Any CPU
		{48BC3CC0-5F2F-4324-9DC2-853087DA3222}.Release|Any CPU.ActiveCfg = Release|Any CPU
		{48BC3CC0-5F2F-4324-9DC2-853087DA3222}.Release|Any CPU.Build.0 = Release|Any CPU
		{F40ED976-6660-40A0-8E53-EE09D540F7F8}.Debug|Any CPU.ActiveCfg = Debug|Any CPU
		{F40ED976-6660-40A0-8E53-EE09D540F7F8}.Debug|Any CPU.Build.0 = Debug|Any CPU
		{F40ED976-6660-40A0-8E53-EE09D540F7F8}.Release|Any CPU.ActiveCfg = Release|Any CPU
		{F40ED976-6660-40A0-8E53-EE09D540F7F8}.Release|Any CPU.Build.0 = Release|Any CPU
		{1A8D917D-0CE6-4BB5-8CEA-9310E8A71008}.Debug|Any CPU.ActiveCfg = Debug|Any CPU
		{1A8D917D-0CE6-4BB5-8CEA-9310E8A71008}.Debug|Any CPU.Build.0 = Debug|Any CPU
		{1A8D917D-0CE6-4BB5-8CEA-9310E8A71008}.Release|Any CPU.ActiveCfg = Release|Any CPU
		{1A8D917D-0CE6-4BB5-8CEA-9310E8A71008}.Release|Any CPU.Build.0 = Release|Any CPU
		{FA5C4E55-93FB-41CA-8CFC-E7B52A2ED235}.Debug|Any CPU.ActiveCfg = Debug|Any CPU
		{FA5C4E55-93FB-41CA-8CFC-E7B52A2ED235}.Debug|Any CPU.Build.0 = Debug|Any CPU
		{FA5C4E55-93FB-41CA-8CFC-E7B52A2ED235}.Release|Any CPU.ActiveCfg = Release|Any CPU
		{FA5C4E55-93FB-41CA-8CFC-E7B52A2ED235}.Release|Any CPU.Build.0 = Release|Any CPU
		{FE773A90-D43D-4A2B-BE18-1CCFE0BEE8C9}.Debug|Any CPU.ActiveCfg = Debug|Any CPU
		{FE773A90-D43D-4A2B-BE18-1CCFE0BEE8C9}.Debug|Any CPU.Build.0 = Debug|Any CPU
		{FE773A90-D43D-4A2B-BE18-1CCFE0BEE8C9}.Release|Any CPU.ActiveCfg = Release|Any CPU
		{FE773A90-D43D-4A2B-BE18-1CCFE0BEE8C9}.Release|Any CPU.Build.0 = Release|Any CPU
		{3BEDDD55-B982-4D9E-A1B0-C8D428FB9E9A}.Debug|Any CPU.ActiveCfg = Debug|Any CPU
		{3BEDDD55-B982-4D9E-A1B0-C8D428FB9E9A}.Debug|Any CPU.Build.0 = Debug|Any CPU
		{3BEDDD55-B982-4D9E-A1B0-C8D428FB9E9A}.Release|Any CPU.ActiveCfg = Release|Any CPU
		{3BEDDD55-B982-4D9E-A1B0-C8D428FB9E9A}.Release|Any CPU.Build.0 = Release|Any CPU
		{4B82A11D-1743-492B-A3BB-C7CBB34CDBCC}.Debug|Any CPU.ActiveCfg = Debug|Any CPU
		{4B82A11D-1743-492B-A3BB-C7CBB34CDBCC}.Debug|Any CPU.Build.0 = Debug|Any CPU
		{4B82A11D-1743-492B-A3BB-C7CBB34CDBCC}.Release|Any CPU.ActiveCfg = Release|Any CPU
		{4B82A11D-1743-492B-A3BB-C7CBB34CDBCC}.Release|Any CPU.Build.0 = Release|Any CPU
		{F04345FF-E8E0-4F52-8A03-02D55BDA9A98}.Debug|Any CPU.ActiveCfg = Debug|Any CPU
		{F04345FF-E8E0-4F52-8A03-02D55BDA9A98}.Debug|Any CPU.Build.0 = Debug|Any CPU
		{F04345FF-E8E0-4F52-8A03-02D55BDA9A98}.Release|Any CPU.ActiveCfg = Release|Any CPU
		{F04345FF-E8E0-4F52-8A03-02D55BDA9A98}.Release|Any CPU.Build.0 = Release|Any CPU
	EndGlobalSection
	GlobalSection(SolutionProperties) = preSolution
		HideSolutionNode = FALSE
	EndGlobalSection
	GlobalSection(NestedProjects) = preSolution
		{F40ED976-6660-40A0-8E53-EE09D540F7F8} = {AFF3F74A-0D1A-4EE0-B463-CD931A4C5340}
		{1A8D917D-0CE6-4BB5-8CEA-9310E8A71008} = {AFF3F74A-0D1A-4EE0-B463-CD931A4C5340}
		{FA5C4E55-93FB-41CA-8CFC-E7B52A2ED235} = {AFF3F74A-0D1A-4EE0-B463-CD931A4C5340}
		{FE773A90-D43D-4A2B-BE18-1CCFE0BEE8C9} = {D46F6D70-BBB2-4FD0-8784-42165EEAE139}
		{3BEDDD55-B982-4D9E-A1B0-C8D428FB9E9A} = {D46F6D70-BBB2-4FD0-8784-42165EEAE139}
		{4B82A11D-1743-492B-A3BB-C7CBB34CDBCC} = {D46F6D70-BBB2-4FD0-8784-42165EEAE139}
		{F04345FF-E8E0-4F52-8A03-02D55BDA9A98} = {D46F6D70-BBB2-4FD0-8784-42165EEAE139}
	EndGlobalSection
	GlobalSection(ExtensibilityGlobals) = postSolution
		SolutionGuid = {2404C52F-981C-489D-8FD5-5A00640686D4}
	EndGlobalSection
EndGlobal
